
Microsoft Visual Studio Solution File, Format Version 12.00
# Visual Studio Version 16
VisualStudioVersion = 16.0.30804.86
MinimumVisualStudioVersion = 10.0.40219.1
Project("{9A19103F-16F7-4668-BE54-9A1E7A4F7556}") = "UserManagement", "UserManagement.csproj", "{34C881CA-7B60-42EC-AF59-A2F9E880C7C1}"
EndProject
Project("{FAE04EC0-301F-11D3-BF4B-00C04F79EFBC}") = "UMTest", "..\UMTest\UMTest.csproj", "{FC1D9D62-A3E1-4663-9766-DF36E343A4C2}"
EndProject
Global
	GlobalSection(SolutionConfigurationPlatforms) = preSolution
		Debug|Any CPU = Debug|Any CPU
		Release|Any CPU = Release|Any CPU
	EndGlobalSection
	GlobalSection(ProjectConfigurationPlatforms) = postSolution
		{34C881CA-7B60-42EC-AF59-A2F9E880C7C1}.Debug|Any CPU.ActiveCfg = Debug|Any CPU
		{34C881CA-7B60-42EC-AF59-A2F9E880C7C1}.Debug|Any CPU.Build.0 = Debug|Any CPU
		{34C881CA-7B60-42EC-AF59-A2F9E880C7C1}.Release|Any CPU.ActiveCfg = Release|Any CPU
		{34C881CA-7B60-42EC-AF59-A2F9E880C7C1}.Release|Any CPU.Build.0 = Release|Any CPU
		{FC1D9D62-A3E1-4663-9766-DF36E343A4C2}.Debug|Any CPU.ActiveCfg = Debug|Any CPU
		{FC1D9D62-A3E1-4663-9766-DF36E343A4C2}.Debug|Any CPU.Build.0 = Debug|Any CPU
		{FC1D9D62-A3E1-4663-9766-DF36E343A4C2}.Release|Any CPU.ActiveCfg = Release|Any CPU
		{FC1D9D62-A3E1-4663-9766-DF36E343A4C2}.Release|Any CPU.Build.0 = Release|Any CPU
	EndGlobalSection
	GlobalSection(SolutionProperties) = preSolution
		HideSolutionNode = FALSE
	EndGlobalSection
	GlobalSection(ExtensibilityGlobals) = postSolution
		SolutionGuid = {48B02FFC-A823-4174-81FA-F8FB348655D2}
	EndGlobalSection
EndGlobal
